[root]
name = "optical-music-recognition"
version = "0.1.0"
dependencies = [
 "ffmpeg-sys 2.8.6-1 (git+file:///Users/mitchell/code/rust-ffmpeg-sys)",
 "libc 0.2.8 (registry+https://github.com/rust-lang/crates.io-index)",
]

[[package]]
name = "ffmpeg-sys"
version = "2.8.6-1"
source = "git+file:///Users/mitchell/code/rust-ffmpeg-sys#e85651de1c2c32966c25a8df7b6157dd1ef1eb2e"
dependencies = [
 "libc 0.2.8 (registry+https://github.com/rust-lang/crates.io-index)",
]

[[package]]
name = "libc"
version = "0.2.8"
source = "registry+https://github.com/rust-lang/crates.io-index"

